[[package]]
name = "pydantic"
version = "1.10.1"
description = "Data validation and settings management using python type hints"
category = "main"
optional = false
python-versions = ">=3.7"

[package.dependencies]
typing-extensions = ">=4.1.0"

[package.extras]
dotenv = ["python-dotenv (>=0.10.4)"]
email = ["email-validator (>=1.0.3)"]

[[package]]
name = "python-dotenv"
version = "0.20.0"
description = "Read key-value pairs from a .env file and set them as environment variables"
category = "main"
optional = false
python-versions = ">=3.5"

[package.extras]
cli = ["click (>=5.0)"]

[[package]]
name = "typing-extensions"
version = "4.3.0"
description = "Backported and Experimental Type Hints for Python 3.7+"
category = "main"
optional = false
python-versions = ">=3.7"

[metadata]
lock-version = "1.1"
python-versions = "^3.9"
content-hash = "c803b6c47aa075d0d90cbc1cb6acf43a5b404e00384773e4ede0bc6b74633627"

[metadata.files]
pydantic = [
    {file = "pydantic-1.10.1-cp310-cp310-macosx_10_9_x86_64.whl", hash = "sha256:221166d99726238f71adc4fa9f3e94063a10787574b966f86a774559e709ac5a"},
    {file = "pydantic-1.10.1-cp310-cp310-macosx_11_0_arm64.whl", hash = "sha256:a90e85d95fd968cd7cae122e0d3e0e1f6613bc88c1ff3fe838ac9785ea4b1c4c"},
    {file = "pydantic-1.10.1-cp310-cp310-manylinux_2_17_x86_64.manylinux2014_x86_64.whl", hash = "sha256:f2157aaf5718c648eaec9e654a34179ae42ffc363dc3ad058538a4f3ecbd9341"},
    {file = "pydantic-1.10.1-cp310-cp310-manylinux_2_5_i686.manylinux1_i686.manylinux_2_17_i686.manylinux2014_i686.whl", hash = "sha256:6142246fc9adb51cadaeb84fb52a86f3adad4c6a7b0938a5dd0b1356b0088217"},
    {file = "pydantic-1.10.1-cp310-cp310-musllinux_1_1_i686.whl", hash = "sha256:60dad97a09b6f44690c05467a4f397b62bfc2c839ac39102819d6979abc2be0d"},
    {file = "pydantic-1.10.1-cp310-cp310-musllinux_1_1_x86_64.whl", hash = "sha256:d6f5bcb59d33ec46621dae76e714c53035087666cac80c81c9047a84f3ff93d0"},
    {file = "pydantic-1.10.1-cp310-cp310-win_amd64.whl", hash = "sha256:522906820cd60e63c7960ba83078bf2d2ad2dd0870bf68248039bcb1ec3eb0a4"},
    {file = "pydantic-1.10.1-cp311-cp311-macosx_10_9_x86_64.whl", hash = "sha256:d545c89d88bdd5559db17aeb5a61a26799903e4bd76114779b3bf1456690f6ce"},
    {file = "pydantic-1.10.1-cp311-cp311-macosx_11_0_arm64.whl", hash = "sha256:ad2374b5b3b771dcc6e2f6e0d56632ab63b90e9808b7a73ad865397fcdb4b2cd"},
    {file = "pydantic-1.10.1-cp311-cp311-manylinux_2_17_x86_64.manylinux2014_x86_64.whl", hash = "sha256:90e02f61b7354ed330f294a437d0bffac9e21a5d46cb4cc3c89d220e497db7ac"},
    {file = "pydantic-1.10.1-cp311-cp311-manylinux_2_5_i686.manylinux1_i686.manylinux_2_17_i686.manylinux2014_i686.whl", hash = "sha256:cc5ffe7bd0b4778fa5b7a5f825c52d6cfea3ae2d9b52b05b9b1d97e36dee23a8"},
    {file = "pydantic-1.10.1-cp311-cp311-musllinux_1_1_i686.whl", hash = "sha256:7acb7b66ffd2bc046eaff0063df84c83fc3826722d5272adaeadf6252e17f691"},
    {file = "pydantic-1.10.1-cp311-cp311-musllinux_1_1_x86_64.whl", hash = "sha256:7e6786ed5faa559dea5a77f6d2de9a08d18130de9344533535d945f34bdcd42e"},
    {file = "pydantic-1.10.1-cp311-cp311-win_amd64.whl", hash = "sha256:c7bf8ff1d18186eb0cbe42bd9bfb4cbf7fde1fd01b8608925458990c21f202f0"},
    {file = "pydantic-1.10.1-cp37-cp37m-macosx_10_9_x86_64.whl", hash = "sha256:14a5babda137a294df7ad5f220986d79bbb87fdeb332c6ded61ce19da7f5f3bf"},
    {file = "pydantic-1.10.1-cp37-cp37m-manylinux_2_17_x86_64.manylinux2014_x86_64.whl", hash = "sha256:5659cb9c6b3d27fc0067025c4f5a205f5e838232a4a929b412781117c2343d44"},
    {file = "pydantic-1.10.1-cp37-cp37m-manylinux_2_5_i686.manylinux1_i686.manylinux_2_17_i686.manylinux2014_i686.whl", hash = "sha256:c8d70fb91b03c32d2e857b071a22a5225e6b625ca82bd2cc8dd729d88e0bd200"},
    {file = "pydantic-1.10.1-cp37-cp37m-musllinux_1_1_i686.whl", hash = "sha256:9a93be313e40f12c6f2cb84533b226bbe23d0774872e38d83415e6890215e3a6"},
    {file = "pydantic-1.10.1-cp37-cp37m-musllinux_1_1_x86_64.whl", hash = "sha256:d55aeb01bb7bd7c7e1bd904668a4a2ffcbb1c248e7ae9eb40a272fd7e67dd98b"},
    {file = "pydantic-1.10.1-cp37-cp37m-win_amd64.whl", hash = "sha256:43d41b6f13706488e854729955ba8f740e6ec375cd16b72b81dc24b9d84f0d15"},
    {file = "pydantic-1.10.1-cp38-cp38-macosx_10_9_x86_64.whl", hash = "sha256:f31ffe0e38805a0e6410330f78147bb89193b136d7a5f79cae60d3e849b520a6"},
    {file = "pydantic-1.10.1-cp38-cp38-macosx_11_0_arm64.whl", hash = "sha256:8eee69eda7674977b079a21e7bf825b59d8bf15145300e8034ed3eb239ac444f"},
    {file = "pydantic-1.10.1-cp38-cp38-manylinux_2_17_x86_64.manylinux2014_x86_64.whl", hash = "sha256:6f927bff6c319fc92e0a2cbeb2609b5c1cd562862f4b54ec905e353282b7c8b1"},
    {file = "pydantic-1.10.1-cp38-cp38-manylinux_2_5_i686.manylinux1_i686.manylinux_2_17_i686.manylinux2014_i686.whl", hash = "sha256:eb1bc3f8fef6ba36977108505e90558911e7fbccb4e930805d5dd90891b56ff4"},
    {file = "pydantic-1.10.1-cp38-cp38-musllinux_1_1_i686.whl", hash = "sha256:96ab6ce1346d14c6e581a69c333bdd1b492df9cf85ad31ad77a8aa42180b7e09"},
    {file = "pydantic-1.10.1-cp38-cp38-musllinux_1_1_x86_64.whl", hash = "sha256:444cf220a12134da1cd42fe4f45edff622139e10177ce3d8ef2b4f41db1291b2"},
    {file = "pydantic-1.10.1-cp38-cp38-win_amd64.whl", hash = "sha256:dbfbff83565b4514dd8cebc8b8c81a12247e89427ff997ad0a9da7b2b1065c12"},
    {file = "pydantic-1.10.1-cp39-cp39-macosx_10_9_x86_64.whl", hash = "sha256:5327406f4bfd5aee784e7ad2a6a5fdd7171c19905bf34cb1994a1ba73a87c468"},
    {file = "pydantic-1.10.1-cp39-cp39-macosx_11_0_arm64.whl", hash = "sha256:1072eae28bf034a311764c130784e8065201a90edbca10f495c906737b3bd642"},
    {file = "pydantic-1.10.1-cp39-cp39-manylinux_2_17_x86_64.manylinux2014_x86_64.whl", hash = "sha256:ce901335667a68dfbc10dd2ee6c0d676b89210d754441c2469fbc37baf7ee2ed"},
    {file = "pydantic-1.10.1-cp39-cp39-manylinux_2_5_i686.manylinux1_i686.manylinux_2_17_i686.manylinux2014_i686.whl", hash = "sha256:54d6465cd2112441305faf5143a491b40de07a203116b5755a2108e36b25308d"},
    {file = "pydantic-1.10.1-cp39-cp39-musllinux_1_1_i686.whl", hash = "sha256:2b5e5e7a0ec96704099e271911a1049321ba1afda92920df0769898a7e9a1298"},
    {file = "pydantic-1.10.1-cp39-cp39-musllinux_1_1_x86_64.whl", hash = "sha256:ae43704358304da45c1c3dd7056f173c618b252f91594bcb6d6f6b4c6c284dee"},
    {file = "pydantic-1.10.1-cp39-cp39-win_amd64.whl", hash = "sha256:2d7da49229ffb1049779a5a6c1c50a26da164bd053cf8ee9042197dc08a98259"},
    {file = "pydantic-1.10.1-py3-none-any.whl", hash = "sha256:f8b10e59c035ff3dcc9791619d6e6c5141e0fa5cbe264e19e267b8d523b210bf"},
    {file = "pydantic-1.10.1.tar.gz", hash = "sha256:d41bb80347a8a2d51fbd6f1748b42aca14541315878447ba159617544712f770"},
]
python-dotenv = [
    {file = "python-dotenv-0.20.0.tar.gz", hash = "sha256:b7e3b04a59693c42c36f9ab1cc2acc46fa5df8c78e178fc33a8d4cd05c8d498f"},
    {file = "python_dotenv-0.20.0-py3-none-any.whl", hash = "sha256:d92a187be61fe482e4fd675b6d52200e7be63a12b724abbf931a40ce4fa92938"},
]
typing-extensions = [
    {file = "typing_extensions-4.3.0-py3-none-any.whl", hash = "sha256:25642c956049920a5aa49edcdd6ab1e06d7e5d467fc00e0506c44ac86fbfca02"},
    {file = "typing_extensions-4.3.0.tar.gz", hash = "sha256:e6d2677a32f47fc7eb2795db1dd15c1f34eff616bcaf2cfb5e997f854fa1c4a6"},
]
